
Microsoft Visual Studio Solution File, Format Version 12.00
# Visual Studio Version 17
VisualStudioVersion = 17.6.33723.286
MinimumVisualStudioVersion = 10.0.40219.1
Project("{9A19103F-16F7-4668-BE54-9A1E7A4F7556}") = "AuthAPI", "AuthAPI\AuthAPI.csproj", "{707C183E-6CA8-4198-A45B-9C99F0C60FF6}"
EndProject
Global
	GlobalSection(SolutionConfigurationPlatforms) = preSolution
		Debug|Any CPU = Debug|Any CPU
		Release|Any CPU = Release|Any CPU
	EndGlobalSection
	GlobalSection(ProjectConfigurationPlatforms) = postSolution
		{707C183E-6CA8-4198-A45B-9C99F0C60FF6}.Debug|Any CPU.ActiveCfg = Debug|Any CPU
		{707C183E-6CA8-4198-A45B-9C99F0C60FF6}.Debug|Any CPU.Build.0 = Debug|Any CPU
		{707C183E-6CA8-4198-A45B-9C99F0C60FF6}.Release|Any CPU.ActiveCfg = Release|Any CPU
		{707C183E-6CA8-4198-A45B-9C99F0C60FF6}.Release|Any CPU.Build.0 = Release|Any CPU
	EndGlobalSection
	GlobalSection(SolutionProperties) = preSolution
		HideSolutionNode = FALSE
	EndGlobalSection
	GlobalSection(ExtensibilityGlobals) = postSolution
		SolutionGuid = {AD21C033-9E71-4FE6-91DF-29E0A147765E}
	EndGlobalSection
EndGlobal
